
Microsoft Visual Studio Solution File, Format Version 12.00
# Visual Studio Version 17
VisualStudioVersion = 17.8.34322.80
MinimumVisualStudioVersion = 10.0.40219.1
Project("{9A19103F-16F7-4668-BE54-9A1E7A4F7556}") = "Ocelot.Gateway", "Ocelot.Gateway\Ocelot.Gateway.csproj", "{7320C55C-AEE1-42AC-9791-02E1FE830A7C}"
EndProject
Project("{9A19103F-16F7-4668-BE54-9A1E7A4F7556}") = "Ocelot.FirstApi", "Ocelot.FirstApi\Ocelot.FirstApi.csproj", "{1BFFFC80-CC91-4160-A901-0121FCB7DD08}"
EndProject
Project("{9A19103F-16F7-4668-BE54-9A1E7A4F7556}") = "Ocelot.SecondApi", "Ocelot.SecondApi\Ocelot.SecondApi.csproj", "{786D451A-DB59-46E3-8758-743B7E5433AF}"
EndProject
Global
	GlobalSection(SolutionConfigurationPlatforms) = preSolution
		Debug|Any CPU = Debug|Any CPU
		Release|Any CPU = Release|Any CPU
	EndGlobalSection
	GlobalSection(ProjectConfigurationPlatforms) = postSolution
		{7320C55C-AEE1-42AC-9791-02E1FE830A7C}.Debug|Any CPU.ActiveCfg = Debug|Any CPU
		{7320C55C-AEE1-42AC-9791-02E1FE830A7C}.Debug|Any CPU.Build.0 = Debug|Any CPU
		{7320C55C-AEE1-42AC-9791-02E1FE830A7C}.Release|Any CPU.ActiveCfg = Release|Any CPU
		{7320C55C-AEE1-42AC-9791-02E1FE830A7C}.Release|Any CPU.Build.0 = Release|Any CPU
		{1BFFFC80-CC91-4160-A901-0121FCB7DD08}.Debug|Any CPU.ActiveCfg = Debug|Any CPU
		{1BFFFC80-CC91-4160-A901-0121FCB7DD08}.Debug|Any CPU.Build.0 = Debug|Any CPU
		{1BFFFC80-CC91-4160-A901-0121FCB7DD08}.Release|Any CPU.ActiveCfg = Release|Any CPU
		{1BFFFC80-CC91-4160-A901-0121FCB7DD08}.Release|Any CPU.Build.0 = Release|Any CPU
		{786D451A-DB59-46E3-8758-743B7E5433AF}.Debug|Any CPU.ActiveCfg = Debug|Any CPU
		{786D451A-DB59-46E3-8758-743B7E5433AF}.Debug|Any CPU.Build.0 = Debug|Any CPU
		{786D451A-DB59-46E3-8758-743B7E5433AF}.Release|Any CPU.ActiveCfg = Release|Any CPU
		{786D451A-DB59-46E3-8758-743B7E5433AF}.Release|Any CPU.Build.0 = Release|Any CPU
	EndGlobalSection
	GlobalSection(SolutionProperties) = preSolution
		HideSolutionNode = FALSE
	EndGlobalSection
	GlobalSection(ExtensibilityGlobals) = postSolution
		SolutionGuid = {01F07176-5514-4FC4-B6DA-1A1AAD98856A}
	EndGlobalSection
EndGlobal
